
Microsoft Visual Studio Solution File, Format Version 12.00
# Visual Studio Version 17
VisualStudioVersion = 17.0.31903.59
MinimumVisualStudioVersion = 10.0.40219.1
Project("{FAE04EC0-301F-11D3-BF4B-00C04F79EFBC}") = "KyhInterfaceDemo", "KyhInterfaceDemo\KyhInterfaceDemo.csproj", "{EFD62D8D-EDF9-429B-8868-C19985A3CC4E}"
EndProject
Global
	GlobalSection(SolutionConfigurationPlatforms) = preSolution
		Debug|Any CPU = Debug|Any CPU
		Release|Any CPU = Release|Any CPU
	EndGlobalSection
	GlobalSection(ProjectConfigurationPlatforms) = postSolution
		{EFD62D8D-EDF9-429B-8868-C19985A3CC4E}.Debug|Any CPU.ActiveCfg = Debug|Any CPU
		{EFD62D8D-EDF9-429B-8868-C19985A3CC4E}.Debug|Any CPU.Build.0 = Debug|Any CPU
		{EFD62D8D-EDF9-429B-8868-C19985A3CC4E}.Release|Any CPU.ActiveCfg = Release|Any CPU
		{EFD62D8D-EDF9-429B-8868-C19985A3CC4E}.Release|Any CPU.Build.0 = Release|Any CPU
	EndGlobalSection
	GlobalSection(SolutionProperties) = preSolution
		HideSolutionNode = FALSE
	EndGlobalSection
	GlobalSection(ExtensibilityGlobals) = postSolution
		SolutionGuid = {8C271D24-B571-47B1-A294-634266826DB1}
	EndGlobalSection
EndGlobal
